// !$*UTF8*$!
{
	archiveVersion = 1;
	classes = {
	};
	objectVersion = 46;
	objects = {

/* Begin PBXBuildFile section */
		8B2E38993E3D449EAFF18942 /* libPods.a in Frameworks */ = {isa = PBXBuildFile; fileRef = FF9670881A504DE4A3DE62D7 /* libPods.a */; };
		A7271C2317509986006B33D0 /* Activities.png in Resources */ = {isa = PBXBuildFile; fileRef = A7271C2217509986006B33D0 /* Activities.png */; };
		A762DB3A1737726900F51D94 /* UIKit.framework in Frameworks */ = {isa = PBXBuildFile; fileRef = A762DB391737726900F51D94 /* UIKit.framework */; };
		A762DB3C1737726900F51D94 /* Foundation.framework in Frameworks */ = {isa = PBXBuildFile; fileRef = A762DB3B1737726900F51D94 /* Foundation.framework */; };
		A762DB3E1737726900F51D94 /* CoreGraphics.framework in Frameworks */ = {isa = PBXBuildFile; fileRef = A762DB3D1737726900F51D94 /* CoreGraphics.framework */; };
		A762DB441737726900F51D94 /* InfoPlist.strings in Resources */ = {isa = PBXBuildFile; fileRef = A762DB421737726900F51D94 /* InfoPlist.strings */; };
		A762DB461737726900F51D94 /* main.m in Sources */ = {isa = PBXBuildFile; fileRef = A762DB451737726900F51D94 /* main.m */; };
		A762DB4A1737726900F51D94 /* AppDelegate.m in Sources */ = {isa = PBXBuildFile; fileRef = A762DB491737726900F51D94 /* AppDelegate.m */; };
		A762DB4C1737726900F51D94 /* Default.png in Resources */ = {isa = PBXBuildFile; fileRef = A762DB4B1737726900F51D94 /* Default.png */; };
		A762DB4E1737726900F51D94 /* Default@2x.png in Resources */ = {isa = PBXBuildFile; fileRef = A762DB4D1737726900F51D94 /* Default@2x.png */; };
		A762DB501737726900F51D94 /* Default-568h@2x.png in Resources */ = {isa = PBXBuildFile; fileRef = A762DB4F1737726900F51D94 /* Default-568h@2x.png */; };
		A762DB531737726900F51D94 /* ViewController.m in Sources */ = {isa = PBXBuildFile; fileRef = A762DB521737726900F51D94 /* ViewController.m */; };
		A762DB561737726900F51D94 /* ViewController~iphone.xib in Resources */ = {isa = PBXBuildFile; fileRef = A762DB541737726900F51D94 /* ViewController~iphone.xib */; };
		A762DB591737726900F51D94 /* ViewController~ipad.xib in Resources */ = {isa = PBXBuildFile; fileRef = A762DB571737726900F51D94 /* ViewController~ipad.xib */; };
/* End PBXBuildFile section */

/* Begin PBXFileReference section */
		9E3D610392C04AE485B60986 /* Pods.xcconfig */ = {isa = PBXFileReference; includeInIndex = 1; lastKnownFileType = text.xcconfig; name = Pods.xcconfig; path = ../Pods/Pods.xcconfig; sourceTree = SOURCE_ROOT; };
		A7271C2217509986006B33D0 /* Activities.png */ = {isa = PBXFileReference; lastKnownFileType = image.png; path = Activities.png; sourceTree = SOURCE_ROOT; };
		A762DB361737726900F51D94 /* GPActivityViewControllerExample.app */ = {isa = PBXFileReference; explicitFileType = wrapper.application; includeInIndex = 0; path = GPActivityViewControllerExample.app; sourceTree = BUILT_PRODUCTS_DIR; };
		A762DB391737726900F51D94 /* UIKit.framework */ = {isa = PBXFileReference; lastKnownFileType = wrapper.framework; name = UIKit.framework; path = System/Library/Frameworks/UIKit.framework; sourceTree = SDKROOT; };
		A762DB3B1737726900F51D94 /* Foundation.framework */ = {isa = PBXFileReference; lastKnownFileType = wrapper.framework; name = Foundation.framework; path = System/Library/Frameworks/Foundation.framework; sourceTree = SDKROOT; };
		A762DB3D1737726900F51D94 /* CoreGraphics.framework */ = {isa = PBXFileReference; lastKnownFileType = wrapper.framework; name = CoreGraphics.framework; path = System/Library/Frameworks/CoreGraphics.framework; sourceTree = SDKROOT; };
		A762DB411737726900F51D94 /* GPActivityViewControllerExample-Info.plist */ = {isa = PBXFileReference; lastKnownFileType = text.plist.xml; path = "GPActivityViewControllerExample-Info.plist"; sourceTree = "<group>"; };
		A762DB431737726900F51D94 /* en */ = {isa = PBXFileReference; lastKnownFileType = text.plist.strings; name = en; path = en.lproj/InfoPlist.strings; sourceTree = "<group>"; };
		A762DB451737726900F51D94 /* main.m */ = {isa = PBXFileReference; lastKnownFileType = sourcecode.c.objc; path = main.m; sourceTree = "<group>"; };
		A762DB471737726900F51D94 /* GPActivityViewControllerExample-Prefix.pch */ = {isa = PBXFileReference; lastKnownFileType = sourcecode.c.h; path = "GPActivityViewControllerExample-Prefix.pch"; sourceTree = "<group>"; };
		A762DB481737726900F51D94 /* AppDelegate.h */ = {isa = PBXFileReference; lastKnownFileType = sourcecode.c.h; path = AppDelegate.h; sourceTree = "<group>"; };
		A762DB491737726900F51D94 /* AppDelegate.m */ = {isa = PBXFileReference; lastKnownFileType = sourcecode.c.objc; path = AppDelegate.m; sourceTree = "<group>"; };
		A762DB4B1737726900F51D94 /* Default.png */ = {isa = PBXFileReference; lastKnownFileType = image.png; path = Default.png; sourceTree = "<group>"; };
		A762DB4D1737726900F51D94 /* Default@2x.png */ = {isa = PBXFileReference; lastKnownFileType = image.png; path = "Default@2x.png"; sourceTree = "<group>"; };
		A762DB4F1737726900F51D94 /* Default-568h@2x.png */ = {isa = PBXFileReference; lastKnownFileType = image.png; path = "Default-568h@2x.png"; sourceTree = "<group>"; };
		A762DB511737726900F51D94 /* ViewController.h */ = {isa = PBXFileReference; lastKnownFileType = sourcecode.c.h; path = ViewController.h; sourceTree = "<group>"; };
		A762DB521737726900F51D94 /* ViewController.m */ = {isa = PBXFileReference; lastKnownFileType = sourcecode.c.objc; path = ViewController.m; sourceTree = "<group>"; };
		A762DB551737726900F51D94 /* en */ = {isa = PBXFileReference; lastKnownFileType = file.xib; name = en; path = "en.lproj/ViewController~iphone.xib"; sourceTree = "<group>"; };
		A762DB581737726900F51D94 /* en */ = {isa = PBXFileReference; lastKnownFileType = file.xib; name = en; path = "en.lproj/ViewController~ipad.xib"; sourceTree = "<group>"; };
		FF9670881A504DE4A3DE62D7 /* libPods.a */ = {isa = PBXFileReference; explicitFileType = archive.ar; includeInIndex = 0; path = libPods.a; sourceTree = BUILT_PRODUCTS_DIR; };
/* End PBXFileReference section */

/* Begin PBXFrameworksBuildPhase section */
		A762DB331737726900F51D94 /* Frameworks */ = {
			isa = PBXFrameworksBuildPhase;
			buildActionMask = 2147483647;
			files = (
				A762DB3A1737726900F51D94 /* UIKit.framework in Frameworks */,
				A762DB3C1737726900F51D94 /* Foundation.framework in Frameworks */,
				A762DB3E1737726900F51D94 /* CoreGraphics.framework in Frameworks */,
				8B2E38993E3D449EAFF18942 /* libPods.a in Frameworks */,
			);
			runOnlyForDeploymentPostprocessing = 0;
		};
/* End PBXFrameworksBuildPhase section */

/* Begin PBXGroup section */
		A7271C2117509977006B33D0 /* Resources */ = {
			isa = PBXGroup;
			children = (
				A7271C2217509986006B33D0 /* Activities.png */,
			);
			name = Resources;
			path = GPActivityViewControllerExample;
			sourceTree = "<group>";
		};
		A762DB2D1737726900F51D94 = {
			isa = PBXGroup;
			children = (
				A762DB3F1737726900F51D94 /* GPActivityViewControllerExample */,
				A7271C2117509977006B33D0 /* Resources */,
				A762DB381737726900F51D94 /* Frameworks */,
				A762DB371737726900F51D94 /* Products */,
				9E3D610392C04AE485B60986 /* Pods.xcconfig */,
			);
			sourceTree = "<group>";
		};
		A762DB371737726900F51D94 /* Products */ = {
			isa = PBXGroup;
			children = (
				A762DB361737726900F51D94 /* GPActivityViewControllerExample.app */,
			);
			name = Products;
			sourceTree = "<group>";
		};
		A762DB381737726900F51D94 /* Frameworks */ = {
			isa = PBXGroup;
			children = (
				A762DB391737726900F51D94 /* UIKit.framework */,
				A762DB3B1737726900F51D94 /* Foundation.framework */,
				A762DB3D1737726900F51D94 /* CoreGraphics.framework */,
				FF9670881A504DE4A3DE62D7 /* libPods.a */,
			);
			name = Frameworks;
			sourceTree = "<group>";
		};
		A762DB3F1737726900F51D94 /* GPActivityViewControllerExample */ = {
			isa = PBXGroup;
			children = (
				A762DB481737726900F51D94 /* AppDelegate.h */,
				A762DB491737726900F51D94 /* AppDelegate.m */,
				A762DB511737726900F51D94 /* ViewController.h */,
				A762DB521737726900F51D94 /* ViewController.m */,
				A762DB541737726900F51D94 /* ViewController~iphone.xib */,
				A762DB571737726900F51D94 /* ViewController~ipad.xib */,
				A762DB401737726900F51D94 /* Supporting Files */,
			);
			path = GPActivityViewControllerExample;
			sourceTree = "<group>";
		};
		A762DB401737726900F51D94 /* Supporting Files */ = {
			isa = PBXGroup;
			children = (
				A762DB411737726900F51D94 /* GPActivityViewControllerExample-Info.plist */,
				A762DB421737726900F51D94 /* InfoPlist.strings */,
				A762DB451737726900F51D94 /* main.m */,
				A762DB471737726900F51D94 /* GPActivityViewControllerExample-Prefix.pch */,
				A762DB4B1737726900F51D94 /* Default.png */,
				A762DB4D1737726900F51D94 /* Default@2x.png */,
				A762DB4F1737726900F51D94 /* Default-568h@2x.png */,
			);
			name = "Supporting Files";
			sourceTree = "<group>";
		};
/* End PBXGroup section */

/* Begin PBXNativeTarget section */
		A762DB351737726900F51D94 /* GPActivityViewControllerExample */ = {
			isa = PBXNativeTarget;
			buildConfigurationList = A762DB5C1737726900F51D94 /* Build configuration list for PBXNativeTarget "GPActivityViewControllerExample" */;
			buildPhases = (
				FAC00023EFC846669CFE2482 /* Check Pods Manifest.lock */,
				A762DB321737726900F51D94 /* Sources */,
				A762DB331737726900F51D94 /* Frameworks */,
				A762DB341737726900F51D94 /* Resources */,
				D58C821D06104F18BED29B3F /* Copy Pods Resources */,
			);
			buildRules = (
			);
			dependencies = (
			);
			name = GPActivityViewControllerExample;
			productName = GPActivityViewControllerExample;
			productReference = A762DB361737726900F51D94 /* GPActivityViewControllerExample.app */;
			productType = "com.apple.product-type.application";
		};
/* End PBXNativeTarget section */

/* Begin PBXProject section */
		A762DB2E1737726900F51D94 /* Project object */ = {
			isa = PBXProject;
			attributes = {
				LastUpgradeCheck = 0460;
				ORGANIZATIONNAME = "Gleb Pinigin";
			};
			buildConfigurationList = A762DB311737726900F51D94 /* Build configuration list for PBXProject "GPActivityViewControllerExample" */;
			compatibilityVersion = "Xcode 3.2";
			developmentRegion = English;
			hasScannedForEncodings = 0;
			knownRegions = (
				en,
				ru,
			);
			mainGroup = A762DB2D1737726900F51D94;
			productRefGroup = A762DB371737726900F51D94 /* Products */;
			projectDirPath = "";
			projectRoot = "";
			targets = (
				A762DB351737726900F51D94 /* GPActivityViewControllerExample */,
			);
		};
/* End PBXProject section */

/* Begin PBXResourcesBuildPhase section */
		A762DB341737726900F51D94 /* Resources */ = {
			isa = PBXResourcesBuildPhase;
			buildActionMask = 2147483647;
			files = (
				A762DB441737726900F51D94 /* InfoPlist.strings in Resources */,
				A762DB4C1737726900F51D94 /* Default.png in Resources */,
				A762DB4E1737726900F51D94 /* Default@2x.png in Resources */,
				A762DB501737726900F51D94 /* Default-568h@2x.png in Resources */,
				A762DB561737726900F51D94 /* ViewController~iphone.xib in Resources */,
				A762DB591737726900F51D94 /* ViewController~ipad.xib in Resources */,
				A7271C2317509986006B33D0 /* Activities.png in Resources */,
			);
			runOnlyForDeploymentPostprocessing = 0;
		};
/* End PBXResourcesBuildPhase section */

/* Begin PBXShellScriptBuildPhase section */
		D58C821D06104F18BED29B3F /* Copy Pods Resources */ = {
			isa = PBXShellScriptBuildPhase;
			buildActionMask = 2147483647;
			files = (
			);
			inputPaths = (
			);
			name = "Copy Pods Resources";
			outputPaths = (
			);
			runOnlyForDeploymentPostprocessing = 0;
			shellPath = /bin/sh;
			shellScript = "\"${SRCROOT}/../Pods/Pods-resources.sh\"\n";
		};
		FAC00023EFC846669CFE2482 /* Check Pods Manifest.lock */ = {
			isa = PBXShellScriptBuildPhase;
			buildActionMask = 2147483647;
			files = (
			);
			inputPaths = (
			);
			name = "Check Pods Manifest.lock";
			outputPaths = (
			);
			runOnlyForDeploymentPostprocessing = 0;
			shellPath = /bin/sh;
			shellScript = "diff \"${PODS_ROOT}/../Podfile.lock\" \"${PODS_ROOT}/Manifest.lock\" > /dev/null\nif [[ $? != 0 ]] ; then\n    cat << EOM\nerror: The sanbox is not in sync with the Podfile.lock. Run 'pod install'.\nEOM\n    exit 1\nfi\n";
		};
/* End PBXShellScriptBuildPhase section */

/* Begin PBXSourcesBuildPhase section */
		A762DB321737726900F51D94 /* Sources */ = {
			isa = PBXSourcesBuildPhase;
			buildActionMask = 2147483647;
			files = (
				A762DB461737726900F51D94 /* main.m in Sources */,
				A762DB4A1737726900F51D94 /* AppDelegate.m in Sources */,
				A762DB531737726900F51D94 /* ViewController.m in Sources */,
			);
			runOnlyForDeploymentPostprocessing = 0;
		};
/* End PBXSourcesBuildPhase section */

/* Begin PBXVariantGroup section */
		A762DB421737726900F51D94 /* InfoPlist.strings */ = {
			isa = PBXVariantGroup;
			children = (
				A762DB431737726900F51D94 /* en */,
			);
			name = InfoPlist.strings;
			sourceTree = "<group>";
		};
		A762DB541737726900F51D94 /* ViewController~iphone.xib */ = {
			isa = PBXVariantGroup;
			children = (
				A762DB551737726900F51D94 /* en */,
			);
			name = "ViewController~iphone.xib";
			sourceTree = "<group>";
		};
		A762DB571737726900F51D94 /* ViewController~ipad.xib */ = {
			isa = PBXVariantGroup;
			children = (
				A762DB581737726900F51D94 /* en */,
			);
			name = "ViewController~ipad.xib";
			sourceTree = "<group>";
		};
/* End PBXVariantGroup section */

/* Begin XCBuildConfiguration section */
		A762DB5A1737726900F51D94 /* Debug */ = {
			isa = XCBuildConfiguration;
			buildSettings = {
				ALWAYS_SEARCH_USER_PATHS = NO;
				CLANG_CXX_LANGUAGE_STANDARD = "gnu++0x";
				CLANG_CXX_LIBRARY = "libc++";
				CLANG_ENABLE_OBJC_ARC = YES;
				CLANG_WARN_CONSTANT_CONVERSION = YES;
				CLANG_WARN_EMPTY_BODY = YES;
				CLANG_WARN_ENUM_CONVERSION = YES;
				CLANG_WARN_INT_CONVERSION = YES;
				CLANG_WARN__DUPLICATE_METHOD_MATCH = YES;
				"CODE_SIGN_IDENTITY[sdk=iphoneos*]" = "iPhone Developer";
				COPY_PHASE_STRIP = NO;
				GCC_C_LANGUAGE_STANDARD = gnu99;
				GCC_DYNAMIC_NO_PIC = NO;
				GCC_OPTIMIZATION_LEVEL = 0;
				GCC_PREPROCESSOR_DEFINITIONS = (
					"DEBUG=1",
					"$(inherited)",
				);
				GCC_SYMBOLS_PRIVATE_EXTERN = NO;
				GCC_WARN_ABOUT_RETURN_TYPE = YES;
				GCC_WARN_UNINITIALIZED_AUTOS = YES;
				GCC_WARN_UNUSED_VARIABLE = YES;
				IPHONEOS_DEPLOYMENT_TARGET = 6.1;
				ONLY_ACTIVE_ARCH = YES;
				SDKROOT = iphoneos;
				TARGETED_DEVICE_FAMILY = "1,2";
			};
			name = Debug;
		};
		A762DB5B1737726900F51D94 /* Release */ = {
			isa = XCBuildConfiguration;
			buildSettings = {
				ALWAYS_SEARCH_USER_PATHS = NO;
				CLANG_CXX_LANGUAGE_STANDARD = "gnu++0x";
				CLANG_CXX_LIBRARY = "libc++";
				CLANG_ENABLE_OBJC_ARC = YES;
				CLANG_WARN_CONSTANT_CONVERSION = YES;
				CLANG_WARN_EMPTY_BODY = YES;
				CLANG_WARN_ENUM_CONVERSION = YES;
				CLANG_WARN_INT_CONVERSION = YES;
				CLANG_WARN__DUPLICATE_METHOD_MATCH = YES;
				"CODE_SIGN_IDENTITY[sdk=iphoneos*]" = "iPhone Developer";
				COPY_PHASE_STRIP = YES;
				GCC_C_LANGUAGE_STANDARD = gnu99;
				GCC_WARN_ABOUT_RETURN_TYPE = YES;
				GCC_WARN_UNINITIALIZED_AUTOS = YES;
				GCC_WARN_UNUSED_VARIABLE = YES;
				IPHONEOS_DEPLOYMENT_TARGET = 6.1;
				OTHER_CFLAGS = "-DNS_BLOCK_ASSERTIONS=1";
				SDKROOT = iphoneos;
				TARGETED_DEVICE_FAMILY = "1,2";
				VALIDATE_PRODUCT = YES;
			};
			name = Release;
		};
		A762DB5D1737726900F51D94 /* Debug */ = {
			isa = XCBuildConfiguration;
			baseConfigurationReference = 9E3D610392C04AE485B60986 /* Pods.xcconfig */;
			buildSettings = {
				GCC_PRECOMPILE_PREFIX_HEADER = YES;
				GCC_PREFIX_HEADER = "GPActivityViewControllerExample/GPActivityViewControllerExample-Prefix.pch";
				INFOPLIST_FILE = "GPActivityViewControllerExample/GPActivityViewControllerExample-Info.plist";
				IPHONEOS_DEPLOYMENT_TARGET = 5.0;
				PRODUCT_NAME = "$(TARGET_NAME)";
				WRAPPER_EXTENSION = app;
			};
			name = Debug;
		};
		A762DB5E1737726900F51D94 /* Release */ = {
			isa = XCBuildConfiguration;
			baseConfigurationReference = 9E3D610392C04AE485B60986 /* Pods.xcconfig */;
			buildSettings = {
				GCC_PRECOMPILE_PREFIX_HEADER = YES;
				GCC_PREFIX_HEADER = "GPActivityViewControllerExample/GPActivityViewControllerExample-Prefix.pch";
				INFOPLIST_FILE = "GPActivityViewControllerExample/GPActivityViewControllerExample-Info.plist";
				IPHONEOS_DEPLOYMENT_TARGET = 5.0;
				PRODUCT_NAME = "$(TARGET_NAME)";
				WRAPPER_EXTENSION = app;
			};
			name = Release;
		};
/* End XCBuildConfiguration section */

/* Begin XCConfigurationList section */
		A762DB311737726900F51D94 /* Build configuration list for PBXProject "GPActivityViewControllerExample" */ = {
			isa = XCConfigurationList;
			buildConfigurations = (
				A762DB5A1737726900F51D94 /* Debug */,
				A762DB5B1737726900F51D94 /* Release */,
			);
			defaultConfigurationIsVisible = 0;
			defaultConfigurationName = Release;
		};
		A762DB5C1737726900F51D94 /* Build configuration list for PBXNativeTarget "GPActivityViewControllerExample" */ = {
			isa = XCConfigurationList;
			buildConfigurations = (
				A762DB5D1737726900F51D94 /* Debug */,
				A762DB5E1737726900F51D94 /* Release */,
			);
			defaultConfigurationIsVisible = 0;
			defaultConfigurationName = Release;
		};
/* End XCConfigurationList section */
	};
	rootObject = A762DB2E1737726900F51D94 /* Project object */;
}
